
Microsoft Visual Studio Solution File, Format Version 12.00
# Visual Studio Version 17
VisualStudioVersion = 17.8.34525.116
MinimumVisualStudioVersion = 10.0.40219.1
Project("{9A19103F-16F7-4668-BE54-9A1E7A4F7556}") = "weatherserver", "weatherserver\weatherserver.csproj", "{32C5CECB-22B0-4458-A52D-EE5343532EBB}"
EndProject
Project("{9A19103F-16F7-4668-BE54-9A1E7A4F7556}") = "CountryModel", "CountryModel\CountryModel.csproj", "{43F9C92A-DBA0-42DB-ADE9-FCD4A46E734A}"
EndProject
Global
	GlobalSection(SolutionConfigurationPlatforms) = preSolution
		Debug|Any CPU = Debug|Any CPU
		Release|Any CPU = Release|Any CPU
	EndGlobalSection
	GlobalSection(ProjectConfigurationPlatforms) = postSolution
		{32C5CECB-22B0-4458-A52D-EE5343532EBB}.Debug|Any CPU.ActiveCfg = Debug|Any CPU
		{32C5CECB-22B0-4458-A52D-EE5343532EBB}.Debug|Any CPU.Build.0 = Debug|Any CPU
		{32C5CECB-22B0-4458-A52D-EE5343532EBB}.Release|Any CPU.ActiveCfg = Release|Any CPU
		{32C5CECB-22B0-4458-A52D-EE5343532EBB}.Release|Any CPU.Build.0 = Release|Any CPU
		{43F9C92A-DBA0-42DB-ADE9-FCD4A46E734A}.Debug|Any CPU.ActiveCfg = Debug|Any CPU
		{43F9C92A-DBA0-42DB-ADE9-FCD4A46E734A}.Debug|Any CPU.Build.0 = Debug|Any CPU
		{43F9C92A-DBA0-42DB-ADE9-FCD4A46E734A}.Release|Any CPU.ActiveCfg = Release|Any CPU
		{43F9C92A-DBA0-42DB-ADE9-FCD4A46E734A}.Release|Any CPU.Build.0 = Release|Any CPU
	EndGlobalSection
	GlobalSection(SolutionProperties) = preSolution
		HideSolutionNode = FALSE
	EndGlobalSection
	GlobalSection(ExtensibilityGlobals) = postSolution
		SolutionGuid = {5D96C887-67F7-428D-9D4B-56EC514BDDE6}
	EndGlobalSection
EndGlobal
